
Microsoft Visual Studio Solution File, Format Version 12.00
# Visual Studio 14
VisualStudioVersion = 14.0.25420.1
MinimumVisualStudioVersion = 10.0.40219.1
Project("{FAE04EC0-301F-11D3-BF4B-00C04F79EFBC}") = "Login", "Login\Login\Login.csproj", "{BDEFCFE1-BE3E-4D9E-9FE5-DA5ACCEAFDED}"
EndProject
Project("{FAE04EC0-301F-11D3-BF4B-00C04F79EFBC}") = "Login.Droid", "Login\Login.Droid\Login.Droid.csproj", "{C9D41B0A-8FA3-4C95-973F-4465BDA2E743}"
EndProject
Project("{FAE04EC0-301F-11D3-BF4B-00C04F79EFBC}") = "Login.iOS", "Login\Login.iOS\Login.iOS.csproj", "{39F8249C-FA04-41B4-8A56-3F289C7DC1AF}"
EndProject
Project("{FAE04EC0-301F-11D3-BF4B-00C04F79EFBC}") = "Login.WinPhone", "Login\Login.WinPhone\Login.WinPhone.csproj", "{7D4BC494-AAEC-417E-BF02-C1A90E02A626}"
EndProject
Project("{FAE04EC0-301F-11D3-BF4B-00C04F79EFBC}") = "Login.UWP", "Login\Login.UWP\Login.UWP.csproj", "{DFC6C741-16F6-4B79-A7AD-C95E2426B88E}"
EndProject
Project("{FAE04EC0-301F-11D3-BF4B-00C04F79EFBC}") = "Login.Windows", "Login\Login.Windows\Login.Windows.csproj", "{BE93F347-0AB0-43D6-B6D8-4620679946DC}"
EndProject
Global
	GlobalSection(SolutionConfigurationPlatforms) = preSolution
		Ad-Hoc|Any CPU = Ad-Hoc|Any CPU
		Ad-Hoc|ARM = Ad-Hoc|ARM
		Ad-Hoc|iPhone = Ad-Hoc|iPhone
		Ad-Hoc|iPhoneSimulator = Ad-Hoc|iPhoneSimulator
		Ad-Hoc|x64 = Ad-Hoc|x64
		Ad-Hoc|x86 = Ad-Hoc|x86
		AppStore|Any CPU = AppStore|Any CPU
		AppStore|ARM = AppStore|ARM
		AppStore|iPhone = AppStore|iPhone
		AppStore|iPhoneSimulator = AppStore|iPhoneSimulator
		AppStore|x64 = AppStore|x64
		AppStore|x86 = AppStore|x86
		Debug|Any CPU = Debug|Any CPU
		Debug|ARM = Debug|ARM
		Debug|iPhone = Debug|iPhone
		Debug|iPhoneSimulator = Debug|iPhoneSimulator
		Debug|x64 = Debug|x64
		Debug|x86 = Debug|x86
		Release|Any CPU = Release|Any CPU
		Release|ARM = Release|ARM
		Release|iPhone = Release|iPhone
		Release|iPhoneSimulator = Release|iPhoneSimulator
		Release|x64 = Release|x64
		Release|x86 = Release|x86
	EndGlobalSection
	GlobalSection(ProjectConfigurationPlatforms) = postSolution
		{BDEFCFE1-BE3E-4D9E-9FE5-DA5ACCEAFDED}.Ad-Hoc|Any CPU.ActiveCfg = Release|Any CPU
		{BDEFCFE1-BE3E-4D9E-9FE5-DA5ACCEAFDED}.Ad-Hoc|Any CPU.Build.0 = Release|Any CPU
		{BDEFCFE1-BE3E-4D9E-9FE5-DA5ACCEAFDED}.Ad-Hoc|ARM.ActiveCfg = Release|Any CPU
		{BDEFCFE1-BE3E-4D9E-9FE5-DA5ACCEAFDED}.Ad-Hoc|ARM.Build.0 = Release|Any CPU
		{BDEFCFE1-BE3E-4D9E-9FE5-DA5ACCEAFDED}.Ad-Hoc|iPhone.ActiveCfg = Release|Any CPU
		{BDEFCFE1-BE3E-4D9E-9FE5-DA5ACCEAFDED}.Ad-Hoc|iPhone.Build.0 = Release|Any CPU
		{BDEFCFE1-BE3E-4D9E-9FE5-DA5ACCEAFDED}.Ad-Hoc|iPhoneSimulator.ActiveCfg = Release|Any CPU
		{BDEFCFE1-BE3E-4D9E-9FE5-DA5ACCEAFDED}.Ad-Hoc|iPhoneSimulator.Build.0 = Release|Any CPU
		{BDEFCFE1-BE3E-4D9E-9FE5-DA5ACCEAFDED}.Ad-Hoc|x64.ActiveCfg = Release|Any CPU
		{BDEFCFE1-BE3E-4D9E-9FE5-DA5ACCEAFDED}.Ad-Hoc|x64.Build.0 = Release|Any CPU
		{BDEFCFE1-BE3E-4D9E-9FE5-DA5ACCEAFDED}.Ad-Hoc|x86.ActiveCfg = Release|Any CPU
		{BDEFCFE1-BE3E-4D9E-9FE5-DA5ACCEAFDED}.Ad-Hoc|x86.Build.0 = Release|Any CPU
		{BDEFCFE1-BE3E-4D9E-9FE5-DA5ACCEAFDED}.AppStore|Any CPU.ActiveCfg = Release|Any CPU
		{BDEFCFE1-BE3E-4D9E-9FE5-DA5ACCEAFDED}.AppStore|Any CPU.Build.0 = Release|Any CPU
		{BDEFCFE1-BE3E-4D9E-9FE5-DA5ACCEAFDED}.AppStore|ARM.ActiveCfg = Release|Any CPU
		{BDEFCFE1-BE3E-4D9E-9FE5-DA5ACCEAFDED}.AppStore|ARM.Build.0 = Release|Any CPU
		{BDEFCFE1-BE3E-4D9E-9FE5-DA5ACCEAFDED}.AppStore|iPhone.ActiveCfg = Release|Any CPU
		{BDEFCFE1-BE3E-4D9E-9FE5-DA5ACCEAFDED}.AppStore|iPhone.Build.0 = Release|Any CPU
		{BDEFCFE1-BE3E-4D9E-9FE5-DA5ACCEAFDED}.AppStore|iPhoneSimulator.ActiveCfg = Release|Any CPU
		{BDEFCFE1-BE3E-4D9E-9FE5-DA5ACCEAFDED}.AppStore|iPhoneSimulator.Build.0 = Release|Any CPU
		{BDEFCFE1-BE3E-4D9E-9FE5-DA5ACCEAFDED}.AppStore|x64.ActiveCfg = Release|Any CPU
		{BDEFCFE1-BE3E-4D9E-9FE5-DA5ACCEAFDED}.AppStore|x64.Build.0 = Release|Any CPU
		{BDEFCFE1-BE3E-4D9E-9FE5-DA5ACCEAFDED}.AppStore|x86.ActiveCfg = Release|Any CPU
		{BDEFCFE1-BE3E-4D9E-9FE5-DA5ACCEAFDED}.AppStore|x86.Build.0 = Release|Any CPU
		{BDEFCFE1-BE3E-4D9E-9FE5-DA5ACCEAFDED}.Debug|Any CPU.ActiveCfg = Debug|Any CPU
		{BDEFCFE1-BE3E-4D9E-9FE5-DA5ACCEAFDED}.Debug|Any CPU.Build.0 = Debug|Any CPU
		{BDEFCFE1-BE3E-4D9E-9FE5-DA5ACCEAFDED}.Debug|ARM.ActiveCfg = Debug|Any CPU
		{BDEFCFE1-BE3E-4D9E-9FE5-DA5ACCEAFDED}.Debug|ARM.Build.0 = Debug|Any CPU
		{BDEFCFE1-BE3E-4D9E-9FE5-DA5ACCEAFDED}.Debug|iPhone.ActiveCfg = Debug|Any CPU
		{BDEFCFE1-BE3E-4D9E-9FE5-DA5ACCEAFDED}.Debug|iPhone.Build.0 = Debug|Any CPU
		{BDEFCFE1-BE3E-4D9E-9FE5-DA5ACCEAFDED}.Debug|iPhoneSimulator.ActiveCfg = Debug|Any CPU
		{BDEFCFE1-BE3E-4D9E-9FE5-DA5ACCEAFDED}.Debug|iPhoneSimulator.Build.0 = Debug|Any CPU
		{BDEFCFE1-BE3E-4D9E-9FE5-DA5ACCEAFDED}.Debug|x64.ActiveCfg = Debug|Any CPU
		{BDEFCFE1-BE3E-4D9E-9FE5-DA5ACCEAFDED}.Debug|x64.Build.0 = Debug|Any CPU
		{BDEFCFE1-BE3E-4D9E-9FE5-DA5ACCEAFDED}.Debug|x86.ActiveCfg = Debug|Any CPU
		{BDEFCFE1-BE3E-4D9E-9FE5-DA5ACCEAFDED}.Debug|x86.Build.0 = Debug|Any CPU
		{BDEFCFE1-BE3E-4D9E-9FE5-DA5ACCEAFDED}.Release|Any CPU.ActiveCfg = Release|Any CPU
		{BDEFCFE1-BE3E-4D9E-9FE5-DA5ACCEAFDED}.Release|Any CPU.Build.0 = Release|Any CPU
		{BDEFCFE1-BE3E-4D9E-9FE5-DA5ACCEAFDED}.Release|ARM.ActiveCfg = Release|Any CPU
		{BDEFCFE1-BE3E-4D9E-9FE5-DA5ACCEAFDED}.Release|ARM.Build.0 = Release|Any CPU
		{BDEFCFE1-BE3E-4D9E-9FE5-DA5ACCEAFDED}.Release|iPhone.ActiveCfg = Release|Any CPU
		{BDEFCFE1-BE3E-4D9E-9FE5-DA5ACCEAFDED}.Release|iPhone.Build.0 = Release|Any CPU
		{BDEFCFE1-BE3E-4D9E-9FE5-DA5ACCEAFDED}.Release|iPhoneSimulator.ActiveCfg = Release|Any CPU
		{BDEFCFE1-BE3E-4D9E-9FE5-DA5ACCEAFDED}.Release|iPhoneSimulator.Build.0 = Release|Any CPU
		{BDEFCFE1-BE3E-4D9E-9FE5-DA5ACCEAFDED}.Release|x64.ActiveCfg = Release|Any CPU
		{BDEFCFE1-BE3E-4D9E-9FE5-DA5ACCEAFDED}.Release|x64.Build.0 = Release|Any CPU
		{BDEFCFE1-BE3E-4D9E-9FE5-DA5ACCEAFDED}.Release|x86.ActiveCfg = Release|Any CPU
		{BDEFCFE1-BE3E-4D9E-9FE5-DA5ACCEAFDED}.Release|x86.Build.0 = Release|Any CPU
		{C9D41B0A-8FA3-4C95-973F-4465BDA2E743}.Ad-Hoc|Any CPU.ActiveCfg = Release|Any CPU
		{C9D41B0A-8FA3-4C95-973F-4465BDA2E743}.Ad-Hoc|Any CPU.Build.0 = Release|Any CPU
		{C9D41B0A-8FA3-4C95-973F-4465BDA2E743}.Ad-Hoc|Any CPU.Deploy.0 = Release|Any CPU
		{C9D41B0A-8FA3-4C95-973F-4465BDA2E743}.Ad-Hoc|ARM.ActiveCfg = Release|Any CPU
		{C9D41B0A-8FA3-4C95-973F-4465BDA2E743}.Ad-Hoc|ARM.Build.0 = Release|Any CPU
		{C9D41B0A-8FA3-4C95-973F-4465BDA2E743}.Ad-Hoc|ARM.Deploy.0 = Release|Any CPU
		{C9D41B0A-8FA3-4C95-973F-4465BDA2E743}.Ad-Hoc|iPhone.ActiveCfg = Release|Any CPU
		{C9D41B0A-8FA3-4C95-973F-4465BDA2E743}.Ad-Hoc|iPhone.Build.0 = Release|Any CPU
		{C9D41B0A-8FA3-4C95-973F-4465BDA2E743}.Ad-Hoc|iPhone.Deploy.0 = Release|Any CPU
		{C9D41B0A-8FA3-4C95-973F-4465BDA2E743}.Ad-Hoc|iPhoneSimulator.ActiveCfg = Release|Any CPU
		{C9D41B0A-8FA3-4C95-973F-4465BDA2E743}.Ad-Hoc|iPhoneSimulator.Build.0 = Release|Any CPU
		{C9D41B0A-8FA3-4C95-973F-4465BDA2E743}.Ad-Hoc|iPhoneSimulator.Deploy.0 = Release|Any CPU
		{C9D41B0A-8FA3-4C95-973F-4465BDA2E743}.Ad-Hoc|x64.ActiveCfg = Release|Any CPU
		{C9D41B0A-8FA3-4C95-973F-4465BDA2E743}.Ad-Hoc|x64.Build.0 = Release|Any CPU
		{C9D41B0A-8FA3-4C95-973F-4465BDA2E743}.Ad-Hoc|x64.Deploy.0 = Release|Any CPU
		{C9D41B0A-8FA3-4C95-973F-4465BDA2E743}.Ad-Hoc|x86.ActiveCfg = Release|Any CPU
		{C9D41B0A-8FA3-4C95-973F-4465BDA2E743}.Ad-Hoc|x86.Build.0 = Release|Any CPU
		{C9D41B0A-8FA3-4C95-973F-4465BDA2E743}.Ad-Hoc|x86.Deploy.0 = Release|Any CPU
		{C9D41B0A-8FA3-4C95-973F-4465BDA2E743}.AppStore|Any CPU.ActiveCfg = Release|Any CPU
		{C9D41B0A-8FA3-4C95-973F-4465BDA2E743}.AppStore|Any CPU.Build.0 = Release|Any CPU
		{C9D41B0A-8FA3-4C95-973F-4465BDA2E743}.AppStore|Any CPU.Deploy.0 = Release|Any CPU
		{C9D41B0A-8FA3-4C95-973F-4465BDA2E743}.AppStore|ARM.ActiveCfg = Release|Any CPU
		{C9D41B0A-8FA3-4C95-973F-4465BDA2E743}.AppStore|ARM.Build.0 = Release|Any CPU
		{C9D41B0A-8FA3-4C95-973F-4465BDA2E743}.AppStore|ARM.Deploy.0 = Release|Any CPU
		{C9D41B0A-8FA3-4C95-973F-4465BDA2E743}.AppStore|iPhone.ActiveCfg = Release|Any CPU
		{C9D41B0A-8FA3-4C95-973F-4465BDA2E743}.AppStore|iPhone.Build.0 = Release|Any CPU
		{C9D41B0A-8FA3-4C95-973F-4465BDA2E743}.AppStore|iPhone.Deploy.0 = Release|Any CPU
		{C9D41B0A-8FA3-4C95-973F-4465BDA2E743}.AppStore|iPhoneSimulator.ActiveCfg = Release|Any CPU
		{C9D41B0A-8FA3-4C95-973F-4465BDA2E743}.AppStore|iPhoneSimulator.Build.0 = Release|Any CPU
		{C9D41B0A-8FA3-4C95-973F-4465BDA2E743}.AppStore|iPhoneSimulator.Deploy.0 = Release|Any CPU
		{C9D41B0A-8FA3-4C95-973F-4465BDA2E743}.AppStore|x64.ActiveCfg = Release|Any CPU
		{C9D41B0A-8FA3-4C95-973F-4465BDA2E743}.AppStore|x64.Build.0 = Release|Any CPU
		{C9D41B0A-8FA3-4C95-973F-4465BDA2E743}.AppStore|x64.Deploy.0 = Release|Any CPU
		{C9D41B0A-8FA3-4C95-973F-4465BDA2E743}.AppStore|x86.ActiveCfg = Release|Any CPU
		{C9D41B0A-8FA3-4C95-973F-4465BDA2E743}.AppStore|x86.Build.0 = Release|Any CPU
		{C9D41B0A-8FA3-4C95-973F-4465BDA2E743}.AppStore|x86.Deploy.0 = Release|Any CPU
		{C9D41B0A-8FA3-4C95-973F-4465BDA2E743}.Debug|Any CPU.ActiveCfg = Debug|Any CPU
		{C9D41B0A-8FA3-4C95-973F-4465BDA2E743}.Debug|Any CPU.Build.0 = Debug|Any CPU
		{C9D41B0A-8FA3-4C95-973F-4465BDA2E743}.Debug|Any CPU.Deploy.0 = Debug|Any CPU
		{C9D41B0A-8FA3-4C95-973F-4465BDA2E743}.Debug|ARM.ActiveCfg = Debug|Any CPU
		{C9D41B0A-8FA3-4C95-973F-4465BDA2E743}.Debug|ARM.Build.0 = Debug|Any CPU
		{C9D41B0A-8FA3-4C95-973F-4465BDA2E743}.Debug|ARM.Deploy.0 = Debug|Any CPU
		{C9D41B0A-8FA3-4C95-973F-4465BDA2E743}.Debug|iPhone.ActiveCfg = Debug|Any CPU
		{C9D41B0A-8FA3-4C95-973F-4465BDA2E743}.Debug|iPhone.Build.0 = Debug|Any CPU
		{C9D41B0A-8FA3-4C95-973F-4465BDA2E743}.Debug|iPhone.Deploy.0 = Debug|Any CPU
		{C9D41B0A-8FA3-4C95-973F-4465BDA2E743}.Debug|iPhoneSimulator.ActiveCfg = Debug|Any CPU
		{C9D41B0A-8FA3-4C95-973F-4465BDA2E743}.Debug|iPhoneSimulator.Build.0 = Debug|Any CPU
		{C9D41B0A-8FA3-4C95-973F-4465BDA2E743}.Debug|iPhoneSimulator.Deploy.0 = Debug|Any CPU
		{C9D41B0A-8FA3-4C95-973F-4465BDA2E743}.Debug|x64.ActiveCfg = Debug|Any CPU
		{C9D41B0A-8FA3-4C95-973F-4465BDA2E743}.Debug|x64.Build.0 = Debug|Any CPU
		{C9D41B0A-8FA3-4C95-973F-4465BDA2E743}.Debug|x64.Deploy.0 = Debug|Any CPU
		{C9D41B0A-8FA3-4C95-973F-4465BDA2E743}.Debug|x86.ActiveCfg = Debug|Any CPU
		{C9D41B0A-8FA3-4C95-973F-4465BDA2E743}.Debug|x86.Build.0 = Debug|Any CPU
		{C9D41B0A-8FA3-4C95-973F-4465BDA2E743}.Debug|x86.Deploy.0 = Debug|Any CPU
		{C9D41B0A-8FA3-4C95-973F-4465BDA2E743}.Release|Any CPU.ActiveCfg = Release|Any CPU
		{C9D41B0A-8FA3-4C95-973F-4465BDA2E743}.Release|Any CPU.Build.0 = Release|Any CPU
		{C9D41B0A-8FA3-4C95-973F-4465BDA2E743}.Release|Any CPU.Deploy.0 = Release|Any CPU
		{C9D41B0A-8FA3-4C95-973F-4465BDA2E743}.Release|ARM.ActiveCfg = Release|Any CPU
		{C9D41B0A-8FA3-4C95-973F-4465BDA2E743}.Release|ARM.Build.0 = Release|Any CPU
		{C9D41B0A-8FA3-4C95-973F-4465BDA2E743}.Release|ARM.Deploy.0 = Release|Any CPU
		{C9D41B0A-8FA3-4C95-973F-4465BDA2E743}.Release|iPhone.ActiveCfg = Release|Any CPU
		{C9D41B0A-8FA3-4C95-973F-4465BDA2E743}.Release|iPhone.Build.0 = Release|Any CPU
		{C9D41B0A-8FA3-4C95-973F-4465BDA2E743}.Release|iPhone.Deploy.0 = Release|Any CPU
		{C9D41B0A-8FA3-4C95-973F-4465BDA2E743}.Release|iPhoneSimulator.ActiveCfg = Release|Any CPU
		{C9D41B0A-8FA3-4C95-973F-4465BDA2E743}.Release|iPhoneSimulator.Build.0 = Release|Any CPU
		{C9D41B0A-8FA3-4C95-973F-4465BDA2E743}.Release|iPhoneSimulator.Deploy.0 = Release|Any CPU
		{C9D41B0A-8FA3-4C95-973F-4465BDA2E743}.Release|x64.ActiveCfg = Release|Any CPU
		{C9D41B0A-8FA3-4C95-973F-4465BDA2E743}.Release|x64.Build.0 = Release|Any CPU
		{C9D41B0A-8FA3-4C95-973F-4465BDA2E743}.Release|x64.Deploy.0 = Release|Any CPU
		{C9D41B0A-8FA3-4C95-973F-4465BDA2E743}.Release|x86.ActiveCfg = Release|Any CPU
		{C9D41B0A-8FA3-4C95-973F-4465BDA2E743}.Release|x86.Build.0 = Release|Any CPU
		{C9D41B0A-8FA3-4C95-973F-4465BDA2E743}.Release|x86.Deploy.0 = Release|Any CPU
		{39F8249C-FA04-41B4-8A56-3F289C7DC1AF}.Ad-Hoc|Any CPU.ActiveCfg = Ad-Hoc|iPhone
		{39F8249C-FA04-41B4-8A56-3F289C7DC1AF}.Ad-Hoc|ARM.ActiveCfg = Ad-Hoc|iPhone
		{39F8249C-FA04-41B4-8A56-3F289C7DC1AF}.Ad-Hoc|iPhone.ActiveCfg = Ad-Hoc|iPhone
		{39F8249C-FA04-41B4-8A56-3F289C7DC1AF}.Ad-Hoc|iPhone.Build.0 = Ad-Hoc|iPhone
		{39F8249C-FA04-41B4-8A56-3F289C7DC1AF}.Ad-Hoc|iPhoneSimulator.ActiveCfg = Ad-Hoc|iPhoneSimulator
		{39F8249C-FA04-41B4-8A56-3F289C7DC1AF}.Ad-Hoc|iPhoneSimulator.Build.0 = Ad-Hoc|iPhoneSimulator
		{39F8249C-FA04-41B4-8A56-3F289C7DC1AF}.Ad-Hoc|x64.ActiveCfg = Ad-Hoc|iPhone
		{39F8249C-FA04-41B4-8A56-3F289C7DC1AF}.Ad-Hoc|x86.ActiveCfg = Ad-Hoc|iPhone
		{39F8249C-FA04-41B4-8A56-3F289C7DC1AF}.AppStore|Any CPU.ActiveCfg = AppStore|iPhone
		{39F8249C-FA04-41B4-8A56-3F289C7DC1AF}.AppStore|ARM.ActiveCfg = AppStore|iPhone
		{39F8249C-FA04-41B4-8A56-3F289C7DC1AF}.AppStore|iPhone.ActiveCfg = AppStore|iPhone
		{39F8249C-FA04-41B4-8A56-3F289C7DC1AF}.AppStore|iPhone.Build.0 = AppStore|iPhone
		{39F8249C-FA04-41B4-8A56-3F289C7DC1AF}.AppStore|iPhoneSimulator.ActiveCfg = AppStore|iPhoneSimulator
		{39F8249C-FA04-41B4-8A56-3F289C7DC1AF}.AppStore|iPhoneSimulator.Build.0 = AppStore|iPhoneSimulator
		{39F8249C-FA04-41B4-8A56-3F289C7DC1AF}.AppStore|x64.ActiveCfg = AppStore|iPhone
		{39F8249C-FA04-41B4-8A56-3F289C7DC1AF}.AppStore|x86.ActiveCfg = AppStore|iPhone
		{39F8249C-FA04-41B4-8A56-3F289C7DC1AF}.Debug|Any CPU.ActiveCfg = Debug|iPhone
		{39F8249C-FA04-41B4-8A56-3F289C7DC1AF}.Debug|ARM.ActiveCfg = Debug|iPhone
		{39F8249C-FA04-41B4-8A56-3F289C7DC1AF}.Debug|iPhone.ActiveCfg = Debug|iPhone
		{39F8249C-FA04-41B4-8A56-3F289C7DC1AF}.Debug|iPhone.Build.0 = Debug|iPhone
		{39F8249C-FA04-41B4-8A56-3F289C7DC1AF}.Debug|iPhoneSimulator.ActiveCfg = Debug|iPhoneSimulator
		{39F8249C-FA04-41B4-8A56-3F289C7DC1AF}.Debug|iPhoneSimulator.Build.0 = Debug|iPhoneSimulator
		{39F8249C-FA04-41B4-8A56-3F289C7DC1AF}.Debug|x64.ActiveCfg = Debug|iPhone
		{39F8249C-FA04-41B4-8A56-3F289C7DC1AF}.Debug|x86.ActiveCfg = Debug|iPhone
		{39F8249C-FA04-41B4-8A56-3F289C7DC1AF}.Release|Any CPU.ActiveCfg = Release|iPhone
		{39F8249C-FA04-41B4-8A56-3F289C7DC1AF}.Release|ARM.ActiveCfg = Release|iPhone
		{39F8249C-FA04-41B4-8A56-3F289C7DC1AF}.Release|iPhone.ActiveCfg = Release|iPhone
		{39F8249C-FA04-41B4-8A56-3F289C7DC1AF}.Release|iPhone.Build.0 = Release|iPhone
		{39F8249C-FA04-41B4-8A56-3F289C7DC1AF}.Release|iPhoneSimulator.ActiveCfg = Release|iPhoneSimulator
		{39F8249C-FA04-41B4-8A56-3F289C7DC1AF}.Release|iPhoneSimulator.Build.0 = Release|iPhoneSimulator
		{39F8249C-FA04-41B4-8A56-3F289C7DC1AF}.Release|x64.ActiveCfg = Release|iPhone
		{39F8249C-FA04-41B4-8A56-3F289C7DC1AF}.Release|x86.ActiveCfg = Release|iPhone
		{7D4BC494-AAEC-417E-BF02-C1A90E02A626}.Ad-Hoc|Any CPU.ActiveCfg = Release|Any CPU
		{7D4BC494-AAEC-417E-BF02-C1A90E02A626}.Ad-Hoc|Any CPU.Build.0 = Release|Any CPU
		{7D4BC494-AAEC-417E-BF02-C1A90E02A626}.Ad-Hoc|Any CPU.Deploy.0 = Release|Any CPU
		{7D4BC494-AAEC-417E-BF02-C1A90E02A626}.Ad-Hoc|ARM.ActiveCfg = Release|ARM
		{7D4BC494-AAEC-417E-BF02-C1A90E02A626}.Ad-Hoc|ARM.Build.0 = Release|ARM
		{7D4BC494-AAEC-417E-BF02-C1A90E02A626}.Ad-Hoc|ARM.Deploy.0 = Release|ARM
		{7D4BC494-AAEC-417E-BF02-C1A90E02A626}.Ad-Hoc|iPhone.ActiveCfg = Release|Any CPU
		{7D4BC494-AAEC-417E-BF02-C1A90E02A626}.Ad-Hoc|iPhone.Build.0 = Release|Any CPU
		{7D4BC494-AAEC-417E-BF02-C1A90E02A626}.Ad-Hoc|iPhone.Deploy.0 = Release|Any CPU
		{7D4BC494-AAEC-417E-BF02-C1A90E02A626}.Ad-Hoc|iPhoneSimulator.ActiveCfg = Release|Any CPU
		{7D4BC494-AAEC-417E-BF02-C1A90E02A626}.Ad-Hoc|iPhoneSimulator.Build.0 = Release|Any CPU
		{7D4BC494-AAEC-417E-BF02-C1A90E02A626}.Ad-Hoc|iPhoneSimulator.Deploy.0 = Release|Any CPU
		{7D4BC494-AAEC-417E-BF02-C1A90E02A626}.Ad-Hoc|x64.ActiveCfg = Release|Any CPU
		{7D4BC494-AAEC-417E-BF02-C1A90E02A626}.Ad-Hoc|x64.Build.0 = Release|Any CPU
		{7D4BC494-AAEC-417E-BF02-C1A90E02A626}.Ad-Hoc|x64.Deploy.0 = Release|Any CPU
		{7D4BC494-AAEC-417E-BF02-C1A90E02A626}.Ad-Hoc|x86.ActiveCfg = Release|x86
		{7D4BC494-AAEC-417E-BF02-C1A90E02A626}.Ad-Hoc|x86.Build.0 = Release|x86
		{7D4BC494-AAEC-417E-BF02-C1A90E02A626}.Ad-Hoc|x86.Deploy.0 = Release|x86
		{7D4BC494-AAEC-417E-BF02-C1A90E02A626}.AppStore|Any CPU.ActiveCfg = Release|Any CPU
		{7D4BC494-AAEC-417E-BF02-C1A90E02A626}.AppStore|Any CPU.Build.0 = Release|Any CPU
		{7D4BC494-AAEC-417E-BF02-C1A90E02A626}.AppStore|Any CPU.Deploy.0 = Release|Any CPU
		{7D4BC494-AAEC-417E-BF02-C1A90E02A626}.AppStore|ARM.ActiveCfg = Release|ARM
		{7D4BC494-AAEC-417E-BF02-C1A90E02A626}.AppStore|ARM.Build.0 = Release|ARM
		{7D4BC494-AAEC-417E-BF02-C1A90E02A626}.AppStore|ARM.Deploy.0 = Release|ARM
		{7D4BC494-AAEC-417E-BF02-C1A90E02A626}.AppStore|iPhone.ActiveCfg = Release|Any CPU
		{7D4BC494-AAEC-417E-BF02-C1A90E02A626}.AppStore|iPhone.Build.0 = Release|Any CPU
		{7D4BC494-AAEC-417E-BF02-C1A90E02A626}.AppStore|iPhone.Deploy.0 = Release|Any CPU
		{7D4BC494-AAEC-417E-BF02-C1A90E02A626}.AppStore|iPhoneSimulator.ActiveCfg = Release|Any CPU
		{7D4BC494-AAEC-417E-BF02-C1A90E02A626}.AppStore|iPhoneSimulator.Build.0 = Release|Any CPU
		{7D4BC494-AAEC-417E-BF02-C1A90E02A626}.AppStore|iPhoneSimulator.Deploy.0 = Release|Any CPU
		{7D4BC494-AAEC-417E-BF02-C1A90E02A626}.AppStore|x64.ActiveCfg = Release|Any CPU
		{7D4BC494-AAEC-417E-BF02-C1A90E02A626}.AppStore|x64.Build.0 = Release|Any CPU
		{7D4BC494-AAEC-417E-BF02-C1A90E02A626}.AppStore|x64.Deploy.0 = Release|Any CPU
		{7D4BC494-AAEC-417E-BF02-C1A90E02A626}.AppStore|x86.ActiveCfg = Release|x86
		{7D4BC494-AAEC-417E-BF02-C1A90E02A626}.AppStore|x86.Build.0 = Release|x86
		{7D4BC494-AAEC-417E-BF02-C1A90E02A626}.AppStore|x86.Deploy.0 = Release|x86
		{7D4BC494-AAEC-417E-BF02-C1A90E02A626}.Debug|Any CPU.ActiveCfg = Debug|Any CPU
		{7D4BC494-AAEC-417E-BF02-C1A90E02A626}.Debug|Any CPU.Build.0 = Debug|Any CPU
		{7D4BC494-AAEC-417E-BF02-C1A90E02A626}.Debug|Any CPU.Deploy.0 = Debug|Any CPU
		{7D4BC494-AAEC-417E-BF02-C1A90E02A626}.Debug|ARM.ActiveCfg = Debug|ARM
		{7D4BC494-AAEC-417E-BF02-C1A90E02A626}.Debug|ARM.Build.0 = Debug|ARM
		{7D4BC494-AAEC-417E-BF02-C1A90E02A626}.Debug|ARM.Deploy.0 = Debug|ARM
		{7D4BC494-AAEC-417E-BF02-C1A90E02A626}.Debug|iPhone.ActiveCfg = Debug|Any CPU
		{7D4BC494-AAEC-417E-BF02-C1A90E02A626}.Debug|iPhone.Build.0 = Debug|Any CPU
		{7D4BC494-AAEC-417E-BF02-C1A90E02A626}.Debug|iPhone.Deploy.0 = Debug|Any CPU
		{7D4BC494-AAEC-417E-BF02-C1A90E02A626}.Debug|iPhoneSimulator.ActiveCfg = Debug|Any CPU
		{7D4BC494-AAEC-417E-BF02-C1A90E02A626}.Debug|iPhoneSimulator.Build.0 = Debug|Any CPU
		{7D4BC494-AAEC-417E-BF02-C1A90E02A626}.Debug|iPhoneSimulator.Deploy.0 = Debug|Any CPU
		{7D4BC494-AAEC-417E-BF02-C1A90E02A626}.Debug|x64.ActiveCfg = Debug|Any CPU
		{7D4BC494-AAEC-417E-BF02-C1A90E02A626}.Debug|x64.Build.0 = Debug|Any CPU
		{7D4BC494-AAEC-417E-BF02-C1A90E02A626}.Debug|x64.Deploy.0 = Debug|Any CPU
		{7D4BC494-AAEC-417E-BF02-C1A90E02A626}.Debug|x86.ActiveCfg = Debug|x86
		{7D4BC494-AAEC-417E-BF02-C1A90E02A626}.Debug|x86.Build.0 = Debug|x86
		{7D4BC494-AAEC-417E-BF02-C1A90E02A626}.Debug|x86.Deploy.0 = Debug|x86
		{7D4BC494-AAEC-417E-BF02-C1A90E02A626}.Release|Any CPU.ActiveCfg = Release|Any CPU
		{7D4BC494-AAEC-417E-BF02-C1A90E02A626}.Release|Any CPU.Build.0 = Release|Any CPU
		{7D4BC494-AAEC-417E-BF02-C1A90E02A626}.Release|Any CPU.Deploy.0 = Release|Any CPU
		{7D4BC494-AAEC-417E-BF02-C1A90E02A626}.Release|ARM.ActiveCfg = Release|ARM
		{7D4BC494-AAEC-417E-BF02-C1A90E02A626}.Release|ARM.Build.0 = Release|ARM
		{7D4BC494-AAEC-417E-BF02-C1A90E02A626}.Release|ARM.Deploy.0 = Release|ARM
		{7D4BC494-AAEC-417E-BF02-C1A90E02A626}.Release|iPhone.ActiveCfg = Release|Any CPU
		{7D4BC494-AAEC-417E-BF02-C1A90E02A626}.Release|iPhone.Build.0 = Release|Any CPU
		{7D4BC494-AAEC-417E-BF02-C1A90E02A626}.Release|iPhone.Deploy.0 = Release|Any CPU
		{7D4BC494-AAEC-417E-BF02-C1A90E02A626}.Release|iPhoneSimulator.ActiveCfg = Release|Any CPU
		{7D4BC494-AAEC-417E-BF02-C1A90E02A626}.Release|iPhoneSimulator.Build.0 = Release|Any CPU
		{7D4BC494-AAEC-417E-BF02-C1A90E02A626}.Release|iPhoneSimulator.Deploy.0 = Release|Any CPU
		{7D4BC494-AAEC-417E-BF02-C1A90E02A626}.Release|x64.ActiveCfg = Release|Any CPU
		{7D4BC494-AAEC-417E-BF02-C1A90E02A626}.Release|x64.Build.0 = Release|Any CPU
		{7D4BC494-AAEC-417E-BF02-C1A90E02A626}.Release|x64.Deploy.0 = Release|Any CPU
		{7D4BC494-AAEC-417E-BF02-C1A90E02A626}.Release|x86.ActiveCfg = Release|x86
		{7D4BC494-AAEC-417E-BF02-C1A90E02A626}.Release|x86.Build.0 = Release|x86
		{7D4BC494-AAEC-417E-BF02-C1A90E02A626}.Release|x86.Deploy.0 = Release|x86
		{DFC6C741-16F6-4B79-A7AD-C95E2426B88E}.Ad-Hoc|Any CPU.ActiveCfg = Release|x86
		{DFC6C741-16F6-4B79-A7AD-C95E2426B88E}.Ad-Hoc|Any CPU.Build.0 = Release|x86
		{DFC6C741-16F6-4B79-A7AD-C95E2426B88E}.Ad-Hoc|Any CPU.Deploy.0 = Release|x86
		{DFC6C741-16F6-4B79-A7AD-C95E2426B88E}.Ad-Hoc|ARM.ActiveCfg = Release|ARM
		{DFC6C741-16F6-4B79-A7AD-C95E2426B88E}.Ad-Hoc|ARM.Build.0 = Release|ARM
		{DFC6C741-16F6-4B79-A7AD-C95E2426B88E}.Ad-Hoc|ARM.Deploy.0 = Release|ARM
		{DFC6C741-16F6-4B79-A7AD-C95E2426B88E}.Ad-Hoc|iPhone.ActiveCfg = Release|x86
		{DFC6C741-16F6-4B79-A7AD-C95E2426B88E}.Ad-Hoc|iPhone.Build.0 = Release|x86
		{DFC6C741-16F6-4B79-A7AD-C95E2426B88E}.Ad-Hoc|iPhone.Deploy.0 = Release|x86
		{DFC6C741-16F6-4B79-A7AD-C95E2426B88E}.Ad-Hoc|iPhoneSimulator.ActiveCfg = Release|x86
		{DFC6C741-16F6-4B79-A7AD-C95E2426B88E}.Ad-Hoc|iPhoneSimulator.Build.0 = Release|x86
		{DFC6C741-16F6-4B79-A7AD-C95E2426B88E}.Ad-Hoc|iPhoneSimulator.Deploy.0 = Release|x86
		{DFC6C741-16F6-4B79-A7AD-C95E2426B88E}.Ad-Hoc|x64.ActiveCfg = Release|x64
		{DFC6C741-16F6-4B79-A7AD-C95E2426B88E}.Ad-Hoc|x64.Build.0 = Release|x64
		{DFC6C741-16F6-4B79-A7AD-C95E2426B88E}.Ad-Hoc|x64.Deploy.0 = Release|x64
		{DFC6C741-16F6-4B79-A7AD-C95E2426B88E}.Ad-Hoc|x86.ActiveCfg = Release|x86
		{DFC6C741-16F6-4B79-A7AD-C95E2426B88E}.Ad-Hoc|x86.Build.0 = Release|x86
		{DFC6C741-16F6-4B79-A7AD-C95E2426B88E}.Ad-Hoc|x86.Deploy.0 = Release|x86
		{DFC6C741-16F6-4B79-A7AD-C95E2426B88E}.AppStore|Any CPU.ActiveCfg = Release|x86
		{DFC6C741-16F6-4B79-A7AD-C95E2426B88E}.AppStore|Any CPU.Build.0 = Release|x86
		{DFC6C741-16F6-4B79-A7AD-C95E2426B88E}.AppStore|Any CPU.Deploy.0 = Release|x86
		{DFC6C741-16F6-4B79-A7AD-C95E2426B88E}.AppStore|ARM.ActiveCfg = Release|ARM
		{DFC6C741-16F6-4B79-A7AD-C95E2426B88E}.AppStore|ARM.Build.0 = Release|ARM
		{DFC6C741-16F6-4B79-A7AD-C95E2426B88E}.AppStore|ARM.Deploy.0 = Release|ARM
		{DFC6C741-16F6-4B79-A7AD-C95E2426B88E}.AppStore|iPhone.ActiveCfg = Release|x86
		{DFC6C741-16F6-4B79-A7AD-C95E2426B88E}.AppStore|iPhone.Build.0 = Release|x86
		{DFC6C741-16F6-4B79-A7AD-C95E2426B88E}.AppStore|iPhone.Deploy.0 = Release|x86
		{DFC6C741-16F6-4B79-A7AD-C95E2426B88E}.AppStore|iPhoneSimulator.ActiveCfg = Release|x86
		{DFC6C741-16F6-4B79-A7AD-C95E2426B88E}.AppStore|iPhoneSimulator.Build.0 = Release|x86
		{DFC6C741-16F6-4B79-A7AD-C95E2426B88E}.AppStore|iPhoneSimulator.Deploy.0 = Release|x86
		{DFC6C741-16F6-4B79-A7AD-C95E2426B88E}.AppStore|x64.ActiveCfg = Release|x64
		{DFC6C741-16F6-4B79-A7AD-C95E2426B88E}.AppStore|x64.Build.0 = Release|x64
		{DFC6C741-16F6-4B79-A7AD-C95E2426B88E}.AppStore|x64.Deploy.0 = Release|x64
		{DFC6C741-16F6-4B79-A7AD-C95E2426B88E}.AppStore|x86.ActiveCfg = Release|x86
		{DFC6C741-16F6-4B79-A7AD-C95E2426B88E}.AppStore|x86.Build.0 = Release|x86
		{DFC6C741-16F6-4B79-A7AD-C95E2426B88E}.AppStore|x86.Deploy.0 = Release|x86
		{DFC6C741-16F6-4B79-A7AD-C95E2426B88E}.Debug|Any CPU.ActiveCfg = Debug|x86
		{DFC6C741-16F6-4B79-A7AD-C95E2426B88E}.Debug|ARM.ActiveCfg = Debug|ARM
		{DFC6C741-16F6-4B79-A7AD-C95E2426B88E}.Debug|ARM.Build.0 = Debug|ARM
		{DFC6C741-16F6-4B79-A7AD-C95E2426B88E}.Debug|ARM.Deploy.0 = Debug|ARM
		{DFC6C741-16F6-4B79-A7AD-C95E2426B88E}.Debug|iPhone.ActiveCfg = Debug|x86
		{DFC6C741-16F6-4B79-A7AD-C95E2426B88E}.Debug|iPhoneSimulator.ActiveCfg = Debug|x86
		{DFC6C741-16F6-4B79-A7AD-C95E2426B88E}.Debug|x64.ActiveCfg = Debug|x64
		{DFC6C741-16F6-4B79-A7AD-C95E2426B88E}.Debug|x64.Build.0 = Debug|x64
		{DFC6C741-16F6-4B79-A7AD-C95E2426B88E}.Debug|x64.Deploy.0 = Debug|x64
		{DFC6C741-16F6-4B79-A7AD-C95E2426B88E}.Debug|x86.ActiveCfg = Debug|x86
		{DFC6C741-16F6-4B79-A7AD-C95E2426B88E}.Debug|x86.Build.0 = Debug|x86
		{DFC6C741-16F6-4B79-A7AD-C95E2426B88E}.Debug|x86.Deploy.0 = Debug|x86
		{DFC6C741-16F6-4B79-A7AD-C95E2426B88E}.Release|Any CPU.ActiveCfg = Release|x86
		{DFC6C741-16F6-4B79-A7AD-C95E2426B88E}.Release|ARM.ActiveCfg = Release|ARM
		{DFC6C741-16F6-4B79-A7AD-C95E2426B88E}.Release|ARM.Build.0 = Release|ARM
		{DFC6C741-16F6-4B79-A7AD-C95E2426B88E}.Release|ARM.Deploy.0 = Release|ARM
		{DFC6C741-16F6-4B79-A7AD-C95E2426B88E}.Release|iPhone.ActiveCfg = Release|x86
		{DFC6C741-16F6-4B79-A7AD-C95E2426B88E}.Release|iPhoneSimulator.ActiveCfg = Release|x86
		{DFC6C741-16F6-4B79-A7AD-C95E2426B88E}.Release|x64.ActiveCfg = Release|x64
		{DFC6C741-16F6-4B79-A7AD-C95E2426B88E}.Release|x64.Build.0 = Release|x64
		{DFC6C741-16F6-4B79-A7AD-C95E2426B88E}.Release|x64.Deploy.0 = Release|x64
		{DFC6C741-16F6-4B79-A7AD-C95E2426B88E}.Release|x86.ActiveCfg = Release|x86
		{DFC6C741-16F6-4B79-A7AD-C95E2426B88E}.Release|x86.Build.0 = Release|x86
		{DFC6C741-16F6-4B79-A7AD-C95E2426B88E}.Release|x86.Deploy.0 = Release|x86
		{BE93F347-0AB0-43D6-B6D8-4620679946DC}.Ad-Hoc|Any CPU.ActiveCfg = Release|Any CPU
		{BE93F347-0AB0-43D6-B6D8-4620679946DC}.Ad-Hoc|Any CPU.Build.0 = Release|Any CPU
		{BE93F347-0AB0-43D6-B6D8-4620679946DC}.Ad-Hoc|Any CPU.Deploy.0 = Release|Any CPU
		{BE93F347-0AB0-43D6-B6D8-4620679946DC}.Ad-Hoc|ARM.ActiveCfg = Release|ARM
		{BE93F347-0AB0-43D6-B6D8-4620679946DC}.Ad-Hoc|ARM.Build.0 = Release|ARM
		{BE93F347-0AB0-43D6-B6D8-4620679946DC}.Ad-Hoc|ARM.Deploy.0 = Release|ARM
		{BE93F347-0AB0-43D6-B6D8-4620679946DC}.Ad-Hoc|iPhone.ActiveCfg = Release|Any CPU
		{BE93F347-0AB0-43D6-B6D8-4620679946DC}.Ad-Hoc|iPhone.Build.0 = Release|Any CPU
		{BE93F347-0AB0-43D6-B6D8-4620679946DC}.Ad-Hoc|iPhone.Deploy.0 = Release|Any CPU
		{BE93F347-0AB0-43D6-B6D8-4620679946DC}.Ad-Hoc|iPhoneSimulator.ActiveCfg = Release|Any CPU
		{BE93F347-0AB0-43D6-B6D8-4620679946DC}.Ad-Hoc|iPhoneSimulator.Build.0 = Release|Any CPU
		{BE93F347-0AB0-43D6-B6D8-4620679946DC}.Ad-Hoc|iPhoneSimulator.Deploy.0 = Release|Any CPU
		{BE93F347-0AB0-43D6-B6D8-4620679946DC}.Ad-Hoc|x64.ActiveCfg = Release|x64
		{BE93F347-0AB0-43D6-B6D8-4620679946DC}.Ad-Hoc|x64.Build.0 = Release|x64
		{BE93F347-0AB0-43D6-B6D8-4620679946DC}.Ad-Hoc|x64.Deploy.0 = Release|x64
		{BE93F347-0AB0-43D6-B6D8-4620679946DC}.Ad-Hoc|x86.ActiveCfg = Release|x86
		{BE93F347-0AB0-43D6-B6D8-4620679946DC}.Ad-Hoc|x86.Build.0 = Release|x86
		{BE93F347-0AB0-43D6-B6D8-4620679946DC}.Ad-Hoc|x86.Deploy.0 = Release|x86
		{BE93F347-0AB0-43D6-B6D8-4620679946DC}.AppStore|Any CPU.ActiveCfg = Release|Any CPU
		{BE93F347-0AB0-43D6-B6D8-4620679946DC}.AppStore|Any CPU.Build.0 = Release|Any CPU
		{BE93F347-0AB0-43D6-B6D8-4620679946DC}.AppStore|Any CPU.Deploy.0 = Release|Any CPU
		{BE93F347-0AB0-43D6-B6D8-4620679946DC}.AppStore|ARM.ActiveCfg = Release|ARM
		{BE93F347-0AB0-43D6-B6D8-4620679946DC}.AppStore|ARM.Build.0 = Release|ARM
		{BE93F347-0AB0-43D6-B6D8-4620679946DC}.AppStore|ARM.Deploy.0 = Release|ARM
		{BE93F347-0AB0-43D6-B6D8-4620679946DC}.AppStore|iPhone.ActiveCfg = Release|Any CPU
		{BE93F347-0AB0-43D6-B6D8-4620679946DC}.AppStore|iPhone.Build.0 = Release|Any CPU
		{BE93F347-0AB0-43D6-B6D8-4620679946DC}.AppStore|iPhone.Deploy.0 = Release|Any CPU
		{BE93F347-0AB0-43D6-B6D8-4620679946DC}.AppStore|iPhoneSimulator.ActiveCfg = Release|Any CPU
		{BE93F347-0AB0-43D6-B6D8-4620679946DC}.AppStore|iPhoneSimulator.Build.0 = Release|Any CPU
		{BE93F347-0AB0-43D6-B6D8-4620679946DC}.AppStore|iPhoneSimulator.Deploy.0 = Release|Any CPU
		{BE93F347-0AB0-43D6-B6D8-4620679946DC}.AppStore|x64.ActiveCfg = Release|x64
		{BE93F347-0AB0-43D6-B6D8-4620679946DC}.AppStore|x64.Build.0 = Release|x64
		{BE93F347-0AB0-43D6-B6D8-4620679946DC}.AppStore|x64.Deploy.0 = Release|x64
		{BE93F347-0AB0-43D6-B6D8-4620679946DC}.AppStore|x86.ActiveCfg = Release|x86
		{BE93F347-0AB0-43D6-B6D8-4620679946DC}.AppStore|x86.Build.0 = Release|x86
		{BE93F347-0AB0-43D6-B6D8-4620679946DC}.AppStore|x86.Deploy.0 = Release|x86
		{BE93F347-0AB0-43D6-B6D8-4620679946DC}.Debug|Any CPU.ActiveCfg = Debug|Any CPU
		{BE93F347-0AB0-43D6-B6D8-4620679946DC}.Debug|Any CPU.Build.0 = Debug|Any CPU
		{BE93F347-0AB0-43D6-B6D8-4620679946DC}.Debug|Any CPU.Deploy.0 = Debug|Any CPU
		{BE93F347-0AB0-43D6-B6D8-4620679946DC}.Debug|ARM.ActiveCfg = Debug|ARM
		{BE93F347-0AB0-43D6-B6D8-4620679946DC}.Debug|ARM.Build.0 = Debug|ARM
		{BE93F347-0AB0-43D6-B6D8-4620679946DC}.Debug|ARM.Deploy.0 = Debug|ARM
		{BE93F347-0AB0-43D6-B6D8-4620679946DC}.Debug|iPhone.ActiveCfg = Debug|Any CPU
		{BE93F347-0AB0-43D6-B6D8-4620679946DC}.Debug|iPhone.Build.0 = Debug|Any CPU
		{BE93F347-0AB0-43D6-B6D8-4620679946DC}.Debug|iPhone.Deploy.0 = Debug|Any CPU
		{BE93F347-0AB0-43D6-B6D8-4620679946DC}.Debug|iPhoneSimulator.ActiveCfg = Debug|Any CPU
		{BE93F347-0AB0-43D6-B6D8-4620679946DC}.Debug|iPhoneSimulator.Build.0 = Debug|Any CPU
		{BE93F347-0AB0-43D6-B6D8-4620679946DC}.Debug|iPhoneSimulator.Deploy.0 = Debug|Any CPU
		{BE93F347-0AB0-43D6-B6D8-4620679946DC}.Debug|x64.ActiveCfg = Debug|x64
		{BE93F347-0AB0-43D6-B6D8-4620679946DC}.Debug|x64.Build.0 = Debug|x64
		{BE93F347-0AB0-43D6-B6D8-4620679946DC}.Debug|x64.Deploy.0 = Debug|x64
		{BE93F347-0AB0-43D6-B6D8-4620679946DC}.Debug|x86.ActiveCfg = Debug|x86
		{BE93F347-0AB0-43D6-B6D8-4620679946DC}.Debug|x86.Build.0 = Debug|x86
		{BE93F347-0AB0-43D6-B6D8-4620679946DC}.Debug|x86.Deploy.0 = Debug|x86
		{BE93F347-0AB0-43D6-B6D8-4620679946DC}.Release|Any CPU.ActiveCfg = Release|Any CPU
		{BE93F347-0AB0-43D6-B6D8-4620679946DC}.Release|Any CPU.Build.0 = Release|Any CPU
		{BE93F347-0AB0-43D6-B6D8-4620679946DC}.Release|Any CPU.Deploy.0 = Release|Any CPU
		{BE93F347-0AB0-43D6-B6D8-4620679946DC}.Release|ARM.ActiveCfg = Release|ARM
		{BE93F347-0AB0-43D6-B6D8-4620679946DC}.Release|ARM.Build.0 = Release|ARM
		{BE93F347-0AB0-43D6-B6D8-4620679946DC}.Release|ARM.Deploy.0 = Release|ARM
		{BE93F347-0AB0-43D6-B6D8-4620679946DC}.Release|iPhone.ActiveCfg = Release|Any CPU
		{BE93F347-0AB0-43D6-B6D8-4620679946DC}.Release|iPhone.Build.0 = Release|Any CPU
		{BE93F347-0AB0-43D6-B6D8-4620679946DC}.Release|iPhone.Deploy.0 = Release|Any CPU
		{BE93F347-0AB0-43D6-B6D8-4620679946DC}.Release|iPhoneSimulator.ActiveCfg = Release|Any CPU
		{BE93F347-0AB0-43D6-B6D8-4620679946DC}.Release|iPhoneSimulator.Build.0 = Release|Any CPU
		{BE93F347-0AB0-43D6-B6D8-4620679946DC}.Release|iPhoneSimulator.Deploy.0 = Release|Any CPU
		{BE93F347-0AB0-43D6-B6D8-4620679946DC}.Release|x64.ActiveCfg = Release|x64
		{BE93F347-0AB0-43D6-B6D8-4620679946DC}.Release|x64.Build.0 = Release|x64
		{BE93F347-0AB0-43D6-B6D8-4620679946DC}.Release|x64.Deploy.0 = Release|x64
		{BE93F347-0AB0-43D6-B6D8-4620679946DC}.Release|x86.ActiveCfg = Release|x86
		{BE93F347-0AB0-43D6-B6D8-4620679946DC}.Release|x86.Build.0 = Release|x86
		{BE93F347-0AB0-43D6-B6D8-4620679946DC}.Release|x86.Deploy.0 = Release|x86
	EndGlobalSection
	GlobalSection(SolutionProperties) = preSolution
		HideSolutionNode = FALSE
	EndGlobalSection
EndGlobal
